
Microsoft Visual Studio Solution File, Format Version 12.00
# Visual Studio Version 17
VisualStudioVersion = 17.4.33103.184
MinimumVisualStudioVersion = 10.0.40219.1
Project("{2150E333-8FDC-42A3-9474-1A3956D46DE8}") = "src", "src", "{420F640A-E23F-457C-BEC7-1DEAD1C592F1}"
	ProjectSection(SolutionItems) = preProject
		src\Directory.Build.props = src\Directory.Build.props
	EndProjectSection
EndProject
Project("{2150E333-8FDC-42A3-9474-1A3956D46DE8}") = "test", "test", "{F9AD8B6F-1F59-4678-B9CF-9CD87172A111}"
EndProject
Project("{2150E333-8FDC-42A3-9474-1A3956D46DE8}") = "samples", "samples", "{36333C22-54F7-403C-ABC4-BECE4EE3F52D}"
EndProject
Project("{9A19103F-16F7-4668-BE54-9A1E7A4F7556}") = "OpenTracing.Contrib.NetCore", "src\OpenTracing.Contrib.NetCore\OpenTracing.Contrib.NetCore.csproj", "{10729E17-3C79-477B-BBEB-B727D7B5B60B}"
EndProject
Project("{2150E333-8FDC-42A3-9474-1A3956D46DE8}") = "Solution Items", "Solution Items", "{A47B38EB-246E-4CD5-9655-539466C71067}"
	ProjectSection(SolutionItems) = preProject
		.appveyor.yml = .appveyor.yml
		.travis.yml = .travis.yml
		build.ps1 = build.ps1
		Directory.Build.props = Directory.Build.props
		global.json = global.json
		launch-sample.ps1 = launch-sample.ps1
		README.md = README.md
	EndProjectSection
EndProject
Project("{9A19103F-16F7-4668-BE54-9A1E7A4F7556}") = "OpenTracing.Contrib.NetCore.Tests", "test\OpenTracing.Contrib.NetCore.Tests\OpenTracing.Contrib.NetCore.Tests.csproj", "{70707714-F09D-48A7-B6BC-3C58B243A753}"
EndProject
Project("{2150E333-8FDC-42A3-9474-1A3956D46DE8}") = "benchmarks", "benchmarks", "{FCB84E77-6B0A-4969-8DF2-7E74197E29BB}"
EndProject
Project("{9A19103F-16F7-4668-BE54-9A1E7A4F7556}") = "OpenTracing.Contrib.NetCore.Benchmarks", "benchmarks\OpenTracing.Contrib.NetCore.Benchmarks\OpenTracing.Contrib.NetCore.Benchmarks.csproj", "{E92B106E-1DEF-43D9-B7FF-30132DB6254B}"
EndProject
Project("{2150E333-8FDC-42A3-9474-1A3956D46DE8}") = "netcoreapp3.1", "netcoreapp3.1", "{02A299C4-1D35-4A37-8258-A3DBEB76D9B0}"
EndProject
Project("{9A19103F-16F7-4668-BE54-9A1E7A4F7556}") = "Shared", "samples\netcoreapp3.1\Shared\Shared.csproj", "{D537C2F7-00F7-4C7B-8F79-95971C0F2019}"
EndProject
Project("{9A19103F-16F7-4668-BE54-9A1E7A4F7556}") = "CustomersApi", "samples\netcoreapp3.1\CustomersApi\CustomersApi.csproj", "{A3EB1F40-43D4-4917-A1C3-7102D183EFF8}"
EndProject
Project("{9A19103F-16F7-4668-BE54-9A1E7A4F7556}") = "FrontendWeb", "samples\netcoreapp3.1\FrontendWeb\FrontendWeb.csproj", "{1B474D5E-B041-4EB9-AA16-6980C26965F3}"
EndProject
Project("{9A19103F-16F7-4668-BE54-9A1E7A4F7556}") = "OrdersApi", "samples\netcoreapp3.1\OrdersApi\OrdersApi.csproj", "{42CB5830-7366-421A-9588-D7B03CF2478E}"
EndProject
Project("{9A19103F-16F7-4668-BE54-9A1E7A4F7556}") = "TrafficGenerator", "samples\netcoreapp3.1\TrafficGenerator\TrafficGenerator.csproj", "{CE6A1977-11FB-4192-A533-BB31427B6DE2}"
EndProject
Project("{2150E333-8FDC-42A3-9474-1A3956D46DE8}") = "net6.0", "net6.0", "{03935477-E35E-4EEE-9944-8742E0CB5CFD}"
EndProject
Project("{9A19103F-16F7-4668-BE54-9A1E7A4F7556}") = "CustomersApi", "samples\net6.0\CustomersApi\CustomersApi.csproj", "{872A3B2E-1A28-4B3C-A83D-7C99513B36FB}"
EndProject
Project("{9A19103F-16F7-4668-BE54-9A1E7A4F7556}") = "FrontendWeb", "samples\net6.0\FrontendWeb\FrontendWeb.csproj", "{4756D99B-BAA2-4B9E-AAE3-F521C38134DD}"
EndProject
Project("{9A19103F-16F7-4668-BE54-9A1E7A4F7556}") = "OrdersApi", "samples\net6.0\OrdersApi\OrdersApi.csproj", "{73108F76-DAF0-48A1-9FE7-F17395672316}"
EndProject
Project("{9A19103F-16F7-4668-BE54-9A1E7A4F7556}") = "Shared", "samples\net6.0\Shared\Shared.csproj", "{85F652F4-BF5E-4CBF-BD1F-5BE305DC4589}"
EndProject
Project("{9A19103F-16F7-4668-BE54-9A1E7A4F7556}") = "TrafficGenerator", "samples\net6.0\TrafficGenerator\TrafficGenerator.csproj", "{AE063835-3A23-4037-900D-9FFCC3234C8F}"
EndProject
Project("{2150E333-8FDC-42A3-9474-1A3956D46DE8}") = "net7.0", "net7.0", "{E46F4333-859A-4CC5-BD2A-7FE8892861BE}"
EndProject
Project("{9A19103F-16F7-4668-BE54-9A1E7A4F7556}") = "CustomersApi", "samples\net7.0\CustomersApi\CustomersApi.csproj", "{36742677-A185-47FC-A1C6-028BF0C45CEE}"
EndProject
Project("{9A19103F-16F7-4668-BE54-9A1E7A4F7556}") = "FrontendWeb", "samples\net7.0\FrontendWeb\FrontendWeb.csproj", "{5613E36C-A0B0-4B9B-80D8-A89470CFA7AF}"
EndProject
Project("{9A19103F-16F7-4668-BE54-9A1E7A4F7556}") = "OrdersApi", "samples\net7.0\OrdersApi\OrdersApi.csproj", "{48CD3687-6EB7-47CD-A611-8D579FBCBB3B}"
EndProject
Project("{9A19103F-16F7-4668-BE54-9A1E7A4F7556}") = "Shared", "samples\net7.0\Shared\Shared.csproj", "{B4A8B209-AA79-4C34-9A12-F03E3423B330}"
EndProject
Project("{9A19103F-16F7-4668-BE54-9A1E7A4F7556}") = "TrafficGenerator", "samples\net7.0\TrafficGenerator\TrafficGenerator.csproj", "{69E6E77E-646D-475A-9B6B-C5511C21B11C}"
EndProject
Project("{2150E333-8FDC-42A3-9474-1A3956D46DE8}") = "net8.0", "net8.0", "{71609BAA-55BF-4A0A-AE05-83D87644E44C}"
EndProject
Project("{9A19103F-16F7-4668-BE54-9A1E7A4F7556}") = "CustomersApi", "samples\net8.0\CustomersApi\CustomersApi.csproj", "{0DF66128-3C35-4301-98E2-8822FB56B146}"
EndProject
Project("{9A19103F-16F7-4668-BE54-9A1E7A4F7556}") = "FrontendWeb", "samples\net8.0\FrontendWeb\FrontendWeb.csproj", "{744E71C6-79A5-4566-BCBA-221AF084A7EF}"
EndProject
Project("{9A19103F-16F7-4668-BE54-9A1E7A4F7556}") = "OrdersApi", "samples\net8.0\OrdersApi\OrdersApi.csproj", "{63E80769-4B3E-4897-ABD1-237226ED0629}"
EndProject
Project("{9A19103F-16F7-4668-BE54-9A1E7A4F7556}") = "Shared", "samples\net8.0\Shared\Shared.csproj", "{05A112D5-65C4-4F7C-A974-94E5EFBE32DC}"
EndProject
Project("{9A19103F-16F7-4668-BE54-9A1E7A4F7556}") = "TrafficGenerator", "samples\net8.0\TrafficGenerator\TrafficGenerator.csproj", "{67A203A9-9EAC-4375-9A32-E42E91C8AA22}"
EndProject
Global
	GlobalSection(SolutionConfigurationPlatforms) = preSolution
		Debug|Any CPU = Debug|Any CPU
		Release|Any CPU = Release|Any CPU
	EndGlobalSection
	GlobalSection(ProjectConfigurationPlatforms) = postSolution
		{10729E17-3C79-477B-BBEB-B727D7B5B60B}.Debug|Any CPU.ActiveCfg = Debug|Any CPU
		{10729E17-3C79-477B-BBEB-B727D7B5B60B}.Debug|Any CPU.Build.0 = Debug|Any CPU
		{10729E17-3C79-477B-BBEB-B727D7B5B60B}.Release|Any CPU.ActiveCfg = Release|Any CPU
		{10729E17-3C79-477B-BBEB-B727D7B5B60B}.Release|Any CPU.Build.0 = Release|Any CPU
		{70707714-F09D-48A7-B6BC-3C58B243A753}.Debug|Any CPU.ActiveCfg = Debug|Any CPU
		{70707714-F09D-48A7-B6BC-3C58B243A753}.Debug|Any CPU.Build.0 = Debug|Any CPU
		{70707714-F09D-48A7-B6BC-3C58B243A753}.Release|Any CPU.ActiveCfg = Release|Any CPU
		{70707714-F09D-48A7-B6BC-3C58B243A753}.Release|Any CPU.Build.0 = Release|Any CPU
		{E92B106E-1DEF-43D9-B7FF-30132DB6254B}.Debug|Any CPU.ActiveCfg = Debug|Any CPU
		{E92B106E-1DEF-43D9-B7FF-30132DB6254B}.Debug|Any CPU.Build.0 = Debug|Any CPU
		{E92B106E-1DEF-43D9-B7FF-30132DB6254B}.Release|Any CPU.ActiveCfg = Release|Any CPU
		{E92B106E-1DEF-43D9-B7FF-30132DB6254B}.Release|Any CPU.Build.0 = Release|Any CPU
		{D537C2F7-00F7-4C7B-8F79-95971C0F2019}.Debug|Any CPU.ActiveCfg = Debug|Any CPU
		{D537C2F7-00F7-4C7B-8F79-95971C0F2019}.Debug|Any CPU.Build.0 = Debug|Any CPU
		{D537C2F7-00F7-4C7B-8F79-95971C0F2019}.Release|Any CPU.ActiveCfg = Release|Any CPU
		{D537C2F7-00F7-4C7B-8F79-95971C0F2019}.Release|Any CPU.Build.0 = Release|Any CPU
		{A3EB1F40-43D4-4917-A1C3-7102D183EFF8}.Debug|Any CPU.ActiveCfg = Debug|Any CPU
		{A3EB1F40-43D4-4917-A1C3-7102D183EFF8}.Debug|Any CPU.Build.0 = Debug|Any CPU
		{A3EB1F40-43D4-4917-A1C3-7102D183EFF8}.Release|Any CPU.ActiveCfg = Release|Any CPU
		{A3EB1F40-43D4-4917-A1C3-7102D183EFF8}.Release|Any CPU.Build.0 = Release|Any CPU
		{1B474D5E-B041-4EB9-AA16-6980C26965F3}.Debug|Any CPU.ActiveCfg = Debug|Any CPU
		{1B474D5E-B041-4EB9-AA16-6980C26965F3}.Debug|Any CPU.Build.0 = Debug|Any CPU
		{1B474D5E-B041-4EB9-AA16-6980C26965F3}.Release|Any CPU.ActiveCfg = Release|Any CPU
		{1B474D5E-B041-4EB9-AA16-6980C26965F3}.Release|Any CPU.Build.0 = Release|Any CPU
		{42CB5830-7366-421A-9588-D7B03CF2478E}.Debug|Any CPU.ActiveCfg = Debug|Any CPU
		{42CB5830-7366-421A-9588-D7B03CF2478E}.Debug|Any CPU.Build.0 = Debug|Any CPU
		{42CB5830-7366-421A-9588-D7B03CF2478E}.Release|Any CPU.ActiveCfg = Release|Any CPU
		{42CB5830-7366-421A-9588-D7B03CF2478E}.Release|Any CPU.Build.0 = Release|Any CPU
		{CE6A1977-11FB-4192-A533-BB31427B6DE2}.Debug|Any CPU.ActiveCfg = Debug|Any CPU
		{CE6A1977-11FB-4192-A533-BB31427B6DE2}.Debug|Any CPU.Build.0 = Debug|Any CPU
		{CE6A1977-11FB-4192-A533-BB31427B6DE2}.Release|Any CPU.ActiveCfg = Release|Any CPU
		{CE6A1977-11FB-4192-A533-BB31427B6DE2}.Release|Any CPU.Build.0 = Release|Any CPU
		{872A3B2E-1A28-4B3C-A83D-7C99513B36FB}.Debug|Any CPU.ActiveCfg = Debug|Any CPU
		{872A3B2E-1A28-4B3C-A83D-7C99513B36FB}.Debug|Any CPU.Build.0 = Debug|Any CPU
		{872A3B2E-1A28-4B3C-A83D-7C99513B36FB}.Release|Any CPU.ActiveCfg = Release|Any CPU
		{872A3B2E-1A28-4B3C-A83D-7C99513B36FB}.Release|Any CPU.Build.0 = Release|Any CPU
		{4756D99B-BAA2-4B9E-AAE3-F521C38134DD}.Debug|Any CPU.ActiveCfg = Debug|Any CPU
		{4756D99B-BAA2-4B9E-AAE3-F521C38134DD}.Debug|Any CPU.Build.0 = Debug|Any CPU
		{4756D99B-BAA2-4B9E-AAE3-F521C38134DD}.Release|Any CPU.ActiveCfg = Release|Any CPU
		{4756D99B-BAA2-4B9E-AAE3-F521C38134DD}.Release|Any CPU.Build.0 = Release|Any CPU
		{73108F76-DAF0-48A1-9FE7-F17395672316}.Debug|Any CPU.ActiveCfg = Debug|Any CPU
		{73108F76-DAF0-48A1-9FE7-F17395672316}.Debug|Any CPU.Build.0 = Debug|Any CPU
		{73108F76-DAF0-48A1-9FE7-F17395672316}.Release|Any CPU.ActiveCfg = Release|Any CPU
		{73108F76-DAF0-48A1-9FE7-F17395672316}.Release|Any CPU.Build.0 = Release|Any CPU
		{85F652F4-BF5E-4CBF-BD1F-5BE305DC4589}.Debug|Any CPU.ActiveCfg = Debug|Any CPU
		{85F652F4-BF5E-4CBF-BD1F-5BE305DC4589}.Debug|Any CPU.Build.0 = Debug|Any CPU
		{85F652F4-BF5E-4CBF-BD1F-5BE305DC4589}.Release|Any CPU.ActiveCfg = Release|Any CPU
		{85F652F4-BF5E-4CBF-BD1F-5BE305DC4589}.Release|Any CPU.Build.0 = Release|Any CPU
		{AE063835-3A23-4037-900D-9FFCC3234C8F}.Debug|Any CPU.ActiveCfg = Debug|Any CPU
		{AE063835-3A23-4037-900D-9FFCC3234C8F}.Debug|Any CPU.Build.0 = Debug|Any CPU
		{AE063835-3A23-4037-900D-9FFCC3234C8F}.Release|Any CPU.ActiveCfg = Release|Any CPU
		{AE063835-3A23-4037-900D-9FFCC3234C8F}.Release|Any CPU.Build.0 = Release|Any CPU
		{36742677-A185-47FC-A1C6-028BF0C45CEE}.Debug|Any CPU.ActiveCfg = Debug|Any CPU
		{36742677-A185-47FC-A1C6-028BF0C45CEE}.Debug|Any CPU.Build.0 = Debug|Any CPU
		{36742677-A185-47FC-A1C6-028BF0C45CEE}.Release|Any CPU.ActiveCfg = Release|Any CPU
		{36742677-A185-47FC-A1C6-028BF0C45CEE}.Release|Any CPU.Build.0 = Release|Any CPU
		{5613E36C-A0B0-4B9B-80D8-A89470CFA7AF}.Debug|Any CPU.ActiveCfg = Debug|Any CPU
		{5613E36C-A0B0-4B9B-80D8-A89470CFA7AF}.Debug|Any CPU.Build.0 = Debug|Any CPU
		{5613E36C-A0B0-4B9B-80D8-A89470CFA7AF}.Release|Any CPU.ActiveCfg = Release|Any CPU
		{5613E36C-A0B0-4B9B-80D8-A89470CFA7AF}.Release|Any CPU.Build.0 = Release|Any CPU
		{48CD3687-6EB7-47CD-A611-8D579FBCBB3B}.Debug|Any CPU.ActiveCfg = Debug|Any CPU
		{48CD3687-6EB7-47CD-A611-8D579FBCBB3B}.Debug|Any CPU.Build.0 = Debug|Any CPU
		{48CD3687-6EB7-47CD-A611-8D579FBCBB3B}.Release|Any CPU.ActiveCfg = Release|Any CPU
		{48CD3687-6EB7-47CD-A611-8D579FBCBB3B}.Release|Any CPU.Build.0 = Release|Any CPU
		{B4A8B209-AA79-4C34-9A12-F03E3423B330}.Debug|Any CPU.ActiveCfg = Debug|Any CPU
		{B4A8B209-AA79-4C34-9A12-F03E3423B330}.Debug|Any CPU.Build.0 = Debug|Any CPU
		{B4A8B209-AA79-4C34-9A12-F03E3423B330}.Release|Any CPU.ActiveCfg = Release|Any CPU
		{B4A8B209-AA79-4C34-9A12-F03E3423B330}.Release|Any CPU.Build.0 = Release|Any CPU
		{69E6E77E-646D-475A-9B6B-C5511C21B11C}.Debug|Any CPU.ActiveCfg = Debug|Any CPU
		{69E6E77E-646D-475A-9B6B-C5511C21B11C}.Debug|Any CPU.Build.0 = Debug|Any CPU
		{69E6E77E-646D-475A-9B6B-C5511C21B11C}.Release|Any CPU.ActiveCfg = Release|Any CPU
		{69E6E77E-646D-475A-9B6B-C5511C21B11C}.Release|Any CPU.Build.0 = Release|Any CPU
		{0DF66128-3C35-4301-98E2-8822FB56B146}.Debug|Any CPU.ActiveCfg = Debug|Any CPU
		{0DF66128-3C35-4301-98E2-8822FB56B146}.Debug|Any CPU.Build.0 = Debug|Any CPU
		{0DF66128-3C35-4301-98E2-8822FB56B146}.Release|Any CPU.ActiveCfg = Release|Any CPU
		{0DF66128-3C35-4301-98E2-8822FB56B146}.Release|Any CPU.Build.0 = Release|Any CPU
		{744E71C6-79A5-4566-BCBA-221AF084A7EF}.Debug|Any CPU.ActiveCfg = Debug|Any CPU
		{744E71C6-79A5-4566-BCBA-221AF084A7EF}.Debug|Any CPU.Build.0 = Debug|Any CPU
		{744E71C6-79A5-4566-BCBA-221AF084A7EF}.Release|Any CPU.ActiveCfg = Release|Any CPU
		{744E71C6-79A5-4566-BCBA-221AF084A7EF}.Release|Any CPU.Build.0 = Release|Any CPU
		{63E80769-4B3E-4897-ABD1-237226ED0629}.Debug|Any CPU.ActiveCfg = Debug|Any CPU
		{63E80769-4B3E-4897-ABD1-237226ED0629}.Debug|Any CPU.Build.0 = Debug|Any CPU
		{63E80769-4B3E-4897-ABD1-237226ED0629}.Release|Any CPU.ActiveCfg = Release|Any CPU
		{63E80769-4B3E-4897-ABD1-237226ED0629}.Release|Any CPU.Build.0 = Release|Any CPU
		{05A112D5-65C4-4F7C-A974-94E5EFBE32DC}.Debug|Any CPU.ActiveCfg = Debug|Any CPU
		{05A112D5-65C4-4F7C-A974-94E5EFBE32DC}.Debug|Any CPU.Build.0 = Debug|Any CPU
		{05A112D5-65C4-4F7C-A974-94E5EFBE32DC}.Release|Any CPU.ActiveCfg = Release|Any CPU
		{05A112D5-65C4-4F7C-A974-94E5EFBE32DC}.Release|Any CPU.Build.0 = Release|Any CPU
		{67A203A9-9EAC-4375-9A32-E42E91C8AA22}.Debug|Any CPU.ActiveCfg = Debug|Any CPU
		{67A203A9-9EAC-4375-9A32-E42E91C8AA22}.Debug|Any CPU.Build.0 = Debug|Any CPU
		{67A203A9-9EAC-4375-9A32-E42E91C8AA22}.Release|Any CPU.ActiveCfg = Release|Any CPU
		{67A203A9-9EAC-4375-9A32-E42E91C8AA22}.Release|Any CPU.Build.0 = Release|Any CPU
	EndGlobalSection
	GlobalSection(SolutionProperties) = preSolution
		HideSolutionNode = FALSE
	EndGlobalSection
	GlobalSection(NestedProjects) = preSolution
		{10729E17-3C79-477B-BBEB-B727D7B5B60B} = {420F640A-E23F-457C-BEC7-1DEAD1C592F1}
		{70707714-F09D-48A7-B6BC-3C58B243A753} = {F9AD8B6F-1F59-4678-B9CF-9CD87172A111}
		{E92B106E-1DEF-43D9-B7FF-30132DB6254B} = {FCB84E77-6B0A-4969-8DF2-7E74197E29BB}
		{02A299C4-1D35-4A37-8258-A3DBEB76D9B0} = {36333C22-54F7-403C-ABC4-BECE4EE3F52D}
		{D537C2F7-00F7-4C7B-8F79-95971C0F2019} = {02A299C4-1D35-4A37-8258-A3DBEB76D9B0}
		{A3EB1F40-43D4-4917-A1C3-7102D183EFF8} = {02A299C4-1D35-4A37-8258-A3DBEB76D9B0}
		{1B474D5E-B041-4EB9-AA16-6980C26965F3} = {02A299C4-1D35-4A37-8258-A3DBEB76D9B0}
		{42CB5830-7366-421A-9588-D7B03CF2478E} = {02A299C4-1D35-4A37-8258-A3DBEB76D9B0}
		{CE6A1977-11FB-4192-A533-BB31427B6DE2} = {02A299C4-1D35-4A37-8258-A3DBEB76D9B0}
		{03935477-E35E-4EEE-9944-8742E0CB5CFD} = {36333C22-54F7-403C-ABC4-BECE4EE3F52D}
		{872A3B2E-1A28-4B3C-A83D-7C99513B36FB} = {03935477-E35E-4EEE-9944-8742E0CB5CFD}
		{4756D99B-BAA2-4B9E-AAE3-F521C38134DD} = {03935477-E35E-4EEE-9944-8742E0CB5CFD}
		{73108F76-DAF0-48A1-9FE7-F17395672316} = {03935477-E35E-4EEE-9944-8742E0CB5CFD}
		{85F652F4-BF5E-4CBF-BD1F-5BE305DC4589} = {03935477-E35E-4EEE-9944-8742E0CB5CFD}
		{AE063835-3A23-4037-900D-9FFCC3234C8F} = {03935477-E35E-4EEE-9944-8742E0CB5CFD}
		{E46F4333-859A-4CC5-BD2A-7FE8892861BE} = {36333C22-54F7-403C-ABC4-BECE4EE3F52D}
		{36742677-A185-47FC-A1C6-028BF0C45CEE} = {E46F4333-859A-4CC5-BD2A-7FE8892861BE}
		{5613E36C-A0B0-4B9B-80D8-A89470CFA7AF} = {E46F4333-859A-4CC5-BD2A-7FE8892861BE}
		{48CD3687-6EB7-47CD-A611-8D579FBCBB3B} = {E46F4333-859A-4CC5-BD2A-7FE8892861BE}
		{B4A8B209-AA79-4C34-9A12-F03E3423B330} = {E46F4333-859A-4CC5-BD2A-7FE8892861BE}
		{69E6E77E-646D-475A-9B6B-C5511C21B11C} = {E46F4333-859A-4CC5-BD2A-7FE8892861BE}
		{71609BAA-55BF-4A0A-AE05-83D87644E44C} = {36333C22-54F7-403C-ABC4-BECE4EE3F52D}
		{0DF66128-3C35-4301-98E2-8822FB56B146} = {71609BAA-55BF-4A0A-AE05-83D87644E44C}
		{744E71C6-79A5-4566-BCBA-221AF084A7EF} = {71609BAA-55BF-4A0A-AE05-83D87644E44C}
		{63E80769-4B3E-4897-ABD1-237226ED0629} = {71609BAA-55BF-4A0A-AE05-83D87644E44C}
		{05A112D5-65C4-4F7C-A974-94E5EFBE32DC} = {71609BAA-55BF-4A0A-AE05-83D87644E44C}
		{67A203A9-9EAC-4375-9A32-E42E91C8AA22} = {71609BAA-55BF-4A0A-AE05-83D87644E44C}
	EndGlobalSection
	GlobalSection(ExtensibilityGlobals) = postSolution
		SolutionGuid = {832F86C2-4B74-4259-8073-04EE0C37FBCD}
	EndGlobalSection
EndGlobal
