Microsoft Visual Studio Solution File, Format Version 12.00
# Visual Studio 15
VisualStudioVersion = 15.0.27130.2036
MinimumVisualStudioVersion = 10.0.40219.1
Project("{2150E333-8FDC-42A3-9474-1A3956D46DE8}") = "src", "src", "{420F640A-E23F-457C-BEC7-1DEAD1C592F1}"
	ProjectSection(SolutionItems) = preProject
		src\Directory.Build.props = src\Directory.Build.props
	EndProjectSection
EndProject
Project("{2150E333-8FDC-42A3-9474-1A3956D46DE8}") = "test", "test", "{F9AD8B6F-1F59-4678-B9CF-9CD87172A111}"
	ProjectSection(SolutionItems) = preProject
		test\Directory.Build.props = test\Directory.Build.props
	EndProjectSection
EndProject
Project("{2150E333-8FDC-42A3-9474-1A3956D46DE8}") = "samples", "samples", "{36333C22-54F7-403C-ABC4-BECE4EE3F52D}"
EndProject
Project("{9A19103F-16F7-4668-BE54-9A1E7A4F7556}") = "Shared", "samples\Shared\Shared.csproj", "{69609C83-10C2-4147-AD33-A45EEBF95AE6}"
EndProject
Project("{9A19103F-16F7-4668-BE54-9A1E7A4F7556}") = "FrontendWeb", "samples\FrontendWeb\FrontendWeb.csproj", "{02E89100-5AF7-489D-944D-4A193BE96C4B}"
EndProject
Project("{9A19103F-16F7-4668-BE54-9A1E7A4F7556}") = "OrdersApi", "samples\OrdersApi\OrdersApi.csproj", "{F2849F7B-C73B-4160-8151-77CD201CF9BD}"
EndProject
Project("{9A19103F-16F7-4668-BE54-9A1E7A4F7556}") = "CustomersApi", "samples\CustomersApi\CustomersApi.csproj", "{D11AD9F6-D7F3-478D-9C1E-8F9D954C900D}"
EndProject
Project("{9A19103F-16F7-4668-BE54-9A1E7A4F7556}") = "OpenTracing.Contrib.NetCore", "src\OpenTracing.Contrib.NetCore\OpenTracing.Contrib.NetCore.csproj", "{10729E17-3C79-477B-BBEB-B727D7B5B60B}"
EndProject
Project("{9A19103F-16F7-4668-BE54-9A1E7A4F7556}") = "TrafficGenerator", "samples\TrafficGenerator\TrafficGenerator.csproj", "{F82DCB26-7497-43A5-9F46-4B58DAB28C25}"
EndProject
Project("{2150E333-8FDC-42A3-9474-1A3956D46DE8}") = "Solution Items", "Solution Items", "{A47B38EB-246E-4CD5-9655-539466C71067}"
	ProjectSection(SolutionItems) = preProject
		.travis.yml = .travis.yml
		build.ps1 = build.ps1
		Directory.Build.props = Directory.Build.props
		global.json = global.json
		launch-sample.ps1 = launch-sample.ps1
		README.md = README.md
	EndProjectSection
EndProject
Project("{9A19103F-16F7-4668-BE54-9A1E7A4F7556}") = "OpenTracing.Contrib.NetCore.Tests", "test\OpenTracing.Contrib.NetCore.Tests\OpenTracing.Contrib.NetCore.Tests.csproj", "{70707714-F09D-48A7-B6BC-3C58B243A753}"
EndProject
Project("{2150E333-8FDC-42A3-9474-1A3956D46DE8}") = "benchmarks", "benchmarks", "{FCB84E77-6B0A-4969-8DF2-7E74197E29BB}"
EndProject
Project("{9A19103F-16F7-4668-BE54-9A1E7A4F7556}") = "OpenTracing.Contrib.NetCore.Benchmarks", "benchmarks\OpenTracing.Contrib.NetCore.Benchmarks\OpenTracing.Contrib.NetCore.Benchmarks.csproj", "{E92B106E-1DEF-43D9-B7FF-30132DB6254B}"
EndProject
Global
	GlobalSection(SolutionConfigurationPlatforms) = preSolution
		Debug|Any CPU = Debug|Any CPU
		Release|Any CPU = Release|Any CPU
	EndGlobalSection
	GlobalSection(ProjectConfigurationPlatforms) = postSolution
		{69609C83-10C2-4147-AD33-A45EEBF95AE6}.Debug|Any CPU.ActiveCfg = Debug|Any CPU
		{69609C83-10C2-4147-AD33-A45EEBF95AE6}.Debug|Any CPU.Build.0 = Debug|Any CPU
		{69609C83-10C2-4147-AD33-A45EEBF95AE6}.Release|Any CPU.ActiveCfg = Release|Any CPU
		{69609C83-10C2-4147-AD33-A45EEBF95AE6}.Release|Any CPU.Build.0 = Release|Any CPU
		{02E89100-5AF7-489D-944D-4A193BE96C4B}.Debug|Any CPU.ActiveCfg = Debug|Any CPU
		{02E89100-5AF7-489D-944D-4A193BE96C4B}.Debug|Any CPU.Build.0 = Debug|Any CPU
		{02E89100-5AF7-489D-944D-4A193BE96C4B}.Release|Any CPU.ActiveCfg = Release|Any CPU
		{02E89100-5AF7-489D-944D-4A193BE96C4B}.Release|Any CPU.Build.0 = Release|Any CPU
		{F2849F7B-C73B-4160-8151-77CD201CF9BD}.Debug|Any CPU.ActiveCfg = Debug|Any CPU
		{F2849F7B-C73B-4160-8151-77CD201CF9BD}.Debug|Any CPU.Build.0 = Debug|Any CPU
		{F2849F7B-C73B-4160-8151-77CD201CF9BD}.Release|Any CPU.ActiveCfg = Release|Any CPU
		{F2849F7B-C73B-4160-8151-77CD201CF9BD}.Release|Any CPU.Build.0 = Release|Any CPU
		{D11AD9F6-D7F3-478D-9C1E-8F9D954C900D}.Debug|Any CPU.ActiveCfg = Debug|Any CPU
		{D11AD9F6-D7F3-478D-9C1E-8F9D954C900D}.Debug|Any CPU.Build.0 = Debug|Any CPU
		{D11AD9F6-D7F3-478D-9C1E-8F9D954C900D}.Release|Any CPU.ActiveCfg = Release|Any CPU
		{D11AD9F6-D7F3-478D-9C1E-8F9D954C900D}.Release|Any CPU.Build.0 = Release|Any CPU
		{10729E17-3C79-477B-BBEB-B727D7B5B60B}.Debug|Any CPU.ActiveCfg = Debug|Any CPU
		{10729E17-3C79-477B-BBEB-B727D7B5B60B}.Debug|Any CPU.Build.0 = Debug|Any CPU
		{10729E17-3C79-477B-BBEB-B727D7B5B60B}.Release|Any CPU.ActiveCfg = Release|Any CPU
		{10729E17-3C79-477B-BBEB-B727D7B5B60B}.Release|Any CPU.Build.0 = Release|Any CPU
		{F82DCB26-7497-43A5-9F46-4B58DAB28C25}.Debug|Any CPU.ActiveCfg = Debug|Any CPU
		{F82DCB26-7497-43A5-9F46-4B58DAB28C25}.Debug|Any CPU.Build.0 = Debug|Any CPU
		{F82DCB26-7497-43A5-9F46-4B58DAB28C25}.Release|Any CPU.ActiveCfg = Release|Any CPU
		{F82DCB26-7497-43A5-9F46-4B58DAB28C25}.Release|Any CPU.Build.0 = Release|Any CPU
		{70707714-F09D-48A7-B6BC-3C58B243A753}.Debug|Any CPU.ActiveCfg = Debug|Any CPU
		{70707714-F09D-48A7-B6BC-3C58B243A753}.Debug|Any CPU.Build.0 = Debug|Any CPU
		{70707714-F09D-48A7-B6BC-3C58B243A753}.Release|Any CPU.ActiveCfg = Release|Any CPU
		{70707714-F09D-48A7-B6BC-3C58B243A753}.Release|Any CPU.Build.0 = Release|Any CPU
		{E92B106E-1DEF-43D9-B7FF-30132DB6254B}.Debug|Any CPU.ActiveCfg = Debug|Any CPU
		{E92B106E-1DEF-43D9-B7FF-30132DB6254B}.Debug|Any CPU.Build.0 = Debug|Any CPU
		{E92B106E-1DEF-43D9-B7FF-30132DB6254B}.Release|Any CPU.ActiveCfg = Release|Any CPU
		{E92B106E-1DEF-43D9-B7FF-30132DB6254B}.Release|Any CPU.Build.0 = Release|Any CPU
	EndGlobalSection
	GlobalSection(SolutionProperties) = preSolution
		HideSolutionNode = FALSE
	EndGlobalSection
	GlobalSection(NestedProjects) = preSolution
		{69609C83-10C2-4147-AD33-A45EEBF95AE6} = {36333C22-54F7-403C-ABC4-BECE4EE3F52D}
		{02E89100-5AF7-489D-944D-4A193BE96C4B} = {36333C22-54F7-403C-ABC4-BECE4EE3F52D}
		{F2849F7B-C73B-4160-8151-77CD201CF9BD} = {36333C22-54F7-403C-ABC4-BECE4EE3F52D}
		{D11AD9F6-D7F3-478D-9C1E-8F9D954C900D} = {36333C22-54F7-403C-ABC4-BECE4EE3F52D}
		{10729E17-3C79-477B-BBEB-B727D7B5B60B} = {420F640A-E23F-457C-BEC7-1DEAD1C592F1}
		{F82DCB26-7497-43A5-9F46-4B58DAB28C25} = {36333C22-54F7-403C-ABC4-BECE4EE3F52D}
		{70707714-F09D-48A7-B6BC-3C58B243A753} = {F9AD8B6F-1F59-4678-B9CF-9CD87172A111}
		{E92B106E-1DEF-43D9-B7FF-30132DB6254B} = {FCB84E77-6B0A-4969-8DF2-7E74197E29BB}
	EndGlobalSection
	GlobalSection(ExtensibilityGlobals) = postSolution
		SolutionGuid = {832F86C2-4B74-4259-8073-04EE0C37FBCD}
	EndGlobalSection
EndGlobal
